# F-Droid build recipe for reteclock.
#
# This is the file that goes into the fdroiddata repository on GitLab, as
# metadata/com.reteclock.yml. It is kept here so the recipe and the build it drives change
# together, and so anyone can see how the F-Droid build is defined without leaving this repo.
#
# reteclock has no Gradle, so there is no `gradle:` key. The build block runs the project's own
# shell build and points `output:` at the unsigned APK it writes. `%v` is not expanded there, so it
# is a glob rather than a file name; `checkupdates` copies the field verbatim into auto-generated
# builds, and a literal name would go stale at the next release.
#
# Binaries + AllowedAPKSigningKeys make this a reproducible build: F-Droid compiles the app on its
# own server, compares the result against the APK published on the releases page, and on a match
# ships that file, signed with this project's key rather than F-Droid's. That is only possible
# because the build is byte-identical wherever it runs - see tests/build/test-reproducible.sh.
# It also means the signing key must be kept: losing it ends the ability to update the app.

Categories:
  - Clock
License: MIT
AuthorName: reteclock contributors
SourceCode: https://github.com/rubidus-api/reteclock_apk
IssueTracker: https://github.com/rubidus-api/reteclock_apk/issues
Changelog: https://github.com/rubidus-api/reteclock_apk/releases

AutoName: reteclock

RepoType: git
Repo: https://github.com/rubidus-api/reteclock_apk.git
Binaries: https://github.com/rubidus-api/reteclock_apk/releases/download/v%v/reteclock-%v.apk

Builds:
  - versionName: 0.2.2
    versionCode: 4
    commit: 665dc627dffc67e13c632c64766be1d0688271ce
    output: dist/reteclock-*-unsigned.apk
    build:
      - sdkmanager "platforms;android-19" "platforms;android-34" "build-tools;34.0.0"
      - scripts/build.sh --unsigned

AllowedAPKSigningKeys: 90446b5280aa4ce34bfe8b33252ef6be902c744d4f5af203a5995a4bbd4c641d

# How many versions stay in the main repository; everything older moves to the archive, which is
# what the archive is for. This app has released often, and every version left in the main repo is
# an entry in the index that every client downloads and a file every mirror carries. Four is the
# current release plus three to fall back to.
#
# Written as an integer, which is what current fdroidserver expects; older versions of the tool
# spell the same thing `4 versions`. Nothing here takes effect until this file is copied into a
# fdroiddata merge request — this is the project's own copy of the recipe.
ArchivePolicy: 4

AutoUpdateMode: Version
UpdateCheckMode: Tags
CurrentVersion: 0.2.2
CurrentVersionCode: 4
